
Microsoft Visual Studio Solution File, Format Version 12.00
# Visual Studio Version 17
VisualStudioVersion = 17.5.33326.253
MinimumVisualStudioVersion = 10.0.40219.1
Project("{2150E333-8FDC-42A3-9474-1A3956D46DE8}") = "Solution Items", "Solution Items", "{036A7D2C-8164-4B49-B378-1E675EC55DA5}"
	ProjectSection(SolutionItems) = preProject
		.editorconfig = .editorconfig
		readme.md = readme.md
	EndProjectSection
EndProject
Project("{9A19103F-16F7-4668-BE54-9A1E7A4F7556}") = "Demo.Azure.ServiceBus.Sender", "Demo.Azure.ServiceBus.Sender\Demo.Azure.ServiceBus.Sender.csproj", "{C470FA52-4627-4EE9-8A7E-196CF2C72500}"
EndProject
Project("{9A19103F-16F7-4668-BE54-9A1E7A4F7556}") = "Demo.Azure.ServiceBus.Receiver", "Demo.Azure.ServiceBus.Receiver\Demo.Azure.ServiceBus.Receiver.csproj", "{98B918E8-B84B-4142-9AB5-D9359F01CF68}"
EndProject
Project("{2150E333-8FDC-42A3-9474-1A3956D46DE8}") = "QueueExample", "QueueExample", "{ACC158F7-9DA9-4C32-AD9C-C02CE732D13C}"
EndProject
Project("{2150E333-8FDC-42A3-9474-1A3956D46DE8}") = "TopicExample", "TopicExample", "{6A4C9626-FF02-4058-9472-09A2F2A01645}"
EndProject
Project("{9A19103F-16F7-4668-BE54-9A1E7A4F7556}") = "BrokeredMessaging.Chat.Console", "BrokeredMessaging.Console\BrokeredMessaging.Chat.Console.csproj", "{77338D7F-6870-4C73-8DC6-81499C9ABB29}"
EndProject
Project("{9A19103F-16F7-4668-BE54-9A1E7A4F7556}") = "BrokeredMessaging.Sender", "BrokeredMessaging.Sender\BrokeredMessaging.Sender.csproj", "{F016A811-E54B-40D8-B207-1303C47E3694}"
EndProject
Project("{9A19103F-16F7-4668-BE54-9A1E7A4F7556}") = "BrokeredMessaging.Receiver", "BrokeredMessaging.Receiver\BrokeredMessaging.Receiver.csproj", "{40684431-8697-4098-84E1-D1B9A1AB3056}"
EndProject
Global
	GlobalSection(SolutionConfigurationPlatforms) = preSolution
		Debug|Any CPU = Debug|Any CPU
		Release|Any CPU = Release|Any CPU
	EndGlobalSection
	GlobalSection(ProjectConfigurationPlatforms) = postSolution
		{C470FA52-4627-4EE9-8A7E-196CF2C72500}.Debug|Any CPU.ActiveCfg = Debug|Any CPU
		{C470FA52-4627-4EE9-8A7E-196CF2C72500}.Debug|Any CPU.Build.0 = Debug|Any CPU
		{C470FA52-4627-4EE9-8A7E-196CF2C72500}.Release|Any CPU.ActiveCfg = Release|Any CPU
		{C470FA52-4627-4EE9-8A7E-196CF2C72500}.Release|Any CPU.Build.0 = Release|Any CPU
		{98B918E8-B84B-4142-9AB5-D9359F01CF68}.Debug|Any CPU.ActiveCfg = Debug|Any CPU
		{98B918E8-B84B-4142-9AB5-D9359F01CF68}.Debug|Any CPU.Build.0 = Debug|Any CPU
		{98B918E8-B84B-4142-9AB5-D9359F01CF68}.Release|Any CPU.ActiveCfg = Release|Any CPU
		{98B918E8-B84B-4142-9AB5-D9359F01CF68}.Release|Any CPU.Build.0 = Release|Any CPU
		{77338D7F-6870-4C73-8DC6-81499C9ABB29}.Debug|Any CPU.ActiveCfg = Debug|Any CPU
		{77338D7F-6870-4C73-8DC6-81499C9ABB29}.Debug|Any CPU.Build.0 = Debug|Any CPU
		{77338D7F-6870-4C73-8DC6-81499C9ABB29}.Release|Any CPU.ActiveCfg = Release|Any CPU
		{77338D7F-6870-4C73-8DC6-81499C9ABB29}.Release|Any CPU.Build.0 = Release|Any CPU
		{F016A811-E54B-40D8-B207-1303C47E3694}.Debug|Any CPU.ActiveCfg = Debug|Any CPU
		{F016A811-E54B-40D8-B207-1303C47E3694}.Debug|Any CPU.Build.0 = Debug|Any CPU
		{F016A811-E54B-40D8-B207-1303C47E3694}.Release|Any CPU.ActiveCfg = Release|Any CPU
		{F016A811-E54B-40D8-B207-1303C47E3694}.Release|Any CPU.Build.0 = Release|Any CPU
		{40684431-8697-4098-84E1-D1B9A1AB3056}.Debug|Any CPU.ActiveCfg = Debug|Any CPU
		{40684431-8697-4098-84E1-D1B9A1AB3056}.Debug|Any CPU.Build.0 = Debug|Any CPU
		{40684431-8697-4098-84E1-D1B9A1AB3056}.Release|Any CPU.ActiveCfg = Release|Any CPU
		{40684431-8697-4098-84E1-D1B9A1AB3056}.Release|Any CPU.Build.0 = Release|Any CPU
	EndGlobalSection
	GlobalSection(SolutionProperties) = preSolution
		HideSolutionNode = FALSE
	EndGlobalSection
	GlobalSection(NestedProjects) = preSolution
		{C470FA52-4627-4EE9-8A7E-196CF2C72500} = {ACC158F7-9DA9-4C32-AD9C-C02CE732D13C}
		{98B918E8-B84B-4142-9AB5-D9359F01CF68} = {ACC158F7-9DA9-4C32-AD9C-C02CE732D13C}
		{77338D7F-6870-4C73-8DC6-81499C9ABB29} = {6A4C9626-FF02-4058-9472-09A2F2A01645}
		{F016A811-E54B-40D8-B207-1303C47E3694} = {6A4C9626-FF02-4058-9472-09A2F2A01645}
		{40684431-8697-4098-84E1-D1B9A1AB3056} = {6A4C9626-FF02-4058-9472-09A2F2A01645}
	EndGlobalSection
	GlobalSection(ExtensibilityGlobals) = postSolution
		SolutionGuid = {B9CD749B-3771-4775-9C37-C0BC9E479384}
	EndGlobalSection
EndGlobal
